
Microsoft Visual Studio Solution File, Format Version 12.00
# Visual Studio 2017
Project("{FAE04EC0-301F-11D3-BF4B-00C04F79EFBC}") = "OGknuckles-assignment_1-bd7fa5098afe", "OGknuckles-assignment_1-bd7fa5098afe.csproj", "{09B4782C-BD7D-2195-82B2-AFD9DE313C0C}"
EndProject
Global
	GlobalSection(SolutionConfigurationPlatforms) = preSolution
		Debug|Any CPU = Debug|Any CPU
		Release|Any CPU = Release|Any CPU
	EndGlobalSection
	GlobalSection(ProjectConfigurationPlatforms) = postSolution
		{09B4782C-BD7D-2195-82B2-AFD9DE313C0C}.Debug|Any CPU.ActiveCfg = Debug|Any CPU
		{09B4782C-BD7D-2195-82B2-AFD9DE313C0C}.Debug|Any CPU.Build.0 = Debug|Any CPU
		{09B4782C-BD7D-2195-82B2-AFD9DE313C0C}.Release|Any CPU.ActiveCfg = Release|Any CPU
		{09B4782C-BD7D-2195-82B2-AFD9DE313C0C}.Release|Any CPU.Build.0 = Release|Any CPU
	EndGlobalSection
	GlobalSection(SolutionProperties) = preSolution
		HideSolutionNode = FALSE
	EndGlobalSection
EndGlobal
